
Microsoft Visual Studio Solution File, Format Version 12.00
# Visual Studio Version 16
VisualStudioVersion = 16.0.30804.86
MinimumVisualStudioVersion = 10.0.40219.1
Project("{FAE04EC0-301F-11D3-BF4B-00C04F79EFBC}") = "BlazorServer", "BlazorServer\BlazorServer.csproj", "{7B5A3950-AB0C-41DE-86ED-98068A83F26E}"
EndProject
Project("{FAE04EC0-301F-11D3-BF4B-00C04F79EFBC}") = "BlazorWasm", "BlazorWasm\BlazorWasm.csproj", "{7B8A487E-9171-4B3A-8092-3267B1BCE23F}"
EndProject
Global
	GlobalSection(SolutionConfigurationPlatforms) = preSolution
		Debug|Any CPU = Debug|Any CPU
		Release|Any CPU = Release|Any CPU
	EndGlobalSection
	GlobalSection(ProjectConfigurationPlatforms) = postSolution
		{7B5A3950-AB0C-41DE-86ED-98068A83F26E}.Debug|Any CPU.ActiveCfg = Debug|Any CPU
		{7B5A3950-AB0C-41DE-86ED-98068A83F26E}.Debug|Any CPU.Build.0 = Debug|Any CPU
		{7B5A3950-AB0C-41DE-86ED-98068A83F26E}.Release|Any CPU.ActiveCfg = Release|Any CPU
		{7B5A3950-AB0C-41DE-86ED-98068A83F26E}.Release|Any CPU.Build.0 = Release|Any CPU
		{7B8A487E-9171-4B3A-8092-3267B1BCE23F}.Debug|Any CPU.ActiveCfg = Debug|Any CPU
		{7B8A487E-9171-4B3A-8092-3267B1BCE23F}.Debug|Any CPU.Build.0 = Debug|Any CPU
		{7B8A487E-9171-4B3A-8092-3267B1BCE23F}.Release|Any CPU.ActiveCfg = Release|Any CPU
		{7B8A487E-9171-4B3A-8092-3267B1BCE23F}.Release|Any CPU.Build.0 = Release|Any CPU
	EndGlobalSection
	GlobalSection(SolutionProperties) = preSolution
		HideSolutionNode = FALSE
	EndGlobalSection
	GlobalSection(ExtensibilityGlobals) = postSolution
		SolutionGuid = {F4E03AEB-428E-4BDF-97E2-92BC6EAF43F9}
	EndGlobalSection
EndGlobal
